
Microsoft Visual Studio Solution File, Format Version 12.00
# Visual Studio 15
VisualStudioVersion = 15.0.28307.489
MinimumVisualStudioVersion = 10.0.40219.1
Project("{FAE04EC0-301F-11D3-BF4B-00C04F79EFBC}") = "ProductCatalog", "ProductCatalog\ProductCatalog.csproj", "{9A07147A-58B7-470A-9BDE-F2F89269D602}"
EndProject
Global
	GlobalSection(SolutionConfigurationPlatforms) = preSolution
		Debug|Any CPU = Debug|Any CPU
		Release|Any CPU = Release|Any CPU
	EndGlobalSection
	GlobalSection(ProjectConfigurationPlatforms) = postSolution
		{9A07147A-58B7-470A-9BDE-F2F89269D602}.Debug|Any CPU.ActiveCfg = Debug|Any CPU
		{9A07147A-58B7-470A-9BDE-F2F89269D602}.Debug|Any CPU.Build.0 = Debug|Any CPU
		{9A07147A-58B7-470A-9BDE-F2F89269D602}.Release|Any CPU.ActiveCfg = Release|Any CPU
		{9A07147A-58B7-470A-9BDE-F2F89269D602}.Release|Any CPU.Build.0 = Release|Any CPU
	EndGlobalSection
	GlobalSection(SolutionProperties) = preSolution
		HideSolutionNode = FALSE
	EndGlobalSection
	GlobalSection(ExtensibilityGlobals) = postSolution
		SolutionGuid = {C5778E84-5FFB-4B8B-A673-D886972B8572}
	EndGlobalSection
EndGlobal
